<?xml version="1.0" encoding="UTF-8"?>
<CONFIG>
  <ProjectOptions>
    <Version Value="9"/>
    <PathDelim Value="\"/>
    <General>
      <MainUnit Value="0"/>
      <ResourceType Value="res"/>
      <UseXPManifest Value="True"/>
      <XPManifest>
        <DpiAware Value="True"/>
      </XPManifest>
      <Icon Value="-1"/>
    </General>
    <i18n>
      <EnableI18N LFM="False"/>
    </i18n>
    <VersionInfo>
      <UseVersionInfo Value="True"/>
      <AutoIncrementBuild Value="True"/>
      <MinorVersionNr Value="3"/>
      <BuildNr Value="22"/>
      <Language Value="0809"/>
      <StringTable Comments="http://www.matthewhipkin.co.uk" CompanyName="Matthew Hipkin" ProductVersion="0.3"/>
    </VersionInfo>
    <BuildModes Count="1" Active="Default">
      <Item1 Name="Default" Default="True"/>
    </BuildModes>
    <PublishOptions>
      <Version Value="2"/>
      <IncludeFileFilter Value="*.(pas|pp|inc|lfm|lpr|lrs|lpi|lpk|sh|xml)"/>
      <ExcludeFileFilter Value="*.(bak|ppu|o|so);*~;backup"/>
    </PublishOptions>
    <RunParams>
      <local>
        <FormatVersion Value="1"/>
        <LaunchingApplication PathPlusParams="\usr\bin\xterm -T 'Lazarus Run Output' -e $(LazarusDir)\tools\runwait.sh $(TargetCmdLine)"/>
      </local>
    </RunParams>
    <RequiredPackages Count="1">
      <Item1>
        <PackageName Value="LCL"/>
      </Item1>
    </RequiredPackages>
    <Units Count="9">
      <Unit0>
        <Filename Value="batchrename.lpr"/>
        <IsPartOfProject Value="True"/>
        <EditorIndex Value="-1"/>
        <UsageCount Value="63"/>
      </Unit0>
      <Unit1>
        <Filename Value="main.pas"/>
        <IsPartOfProject Value="True"/>
        <ComponentName Value="frmMain"/>
        <HasResources Value="True"/>
        <ResourceBaseClass Value="Form"/>
        <UnitName Value="main"/>
        <IsVisibleTab Value="True"/>
        <TopLine Value="73"/>
        <CursorPos X="17" Y="102"/>
        <UsageCount Value="63"/>
        <Loaded Value="True"/>
        <LoadedDesigner Value="True"/>
      </Unit1>
      <Unit2>
        <Filename Value="xicontrols\XiButton.pas"/>
        <TopLine Value="359"/>
        <CursorPos Y="370"/>
        <UsageCount Value="17"/>
      </Unit2>
      <Unit3>
        <Filename Value="about.pas"/>
        <IsPartOfProject Value="True"/>
        <ComponentName Value="frmAbout"/>
        <HasResources Value="True"/>
        <ResourceBaseClass Value="Form"/>
        <UnitName Value="about"/>
        <EditorIndex Value="3"/>
        <TopLine Value="46"/>
        <CursorPos X="17" Y="7"/>
        <UsageCount Value="59"/>
        <Loaded Value="True"/>
        <LoadedDesigner Value="True"/>
      </Unit3>
      <Unit4>
        <Filename Value="duplicate.pas"/>
        <IsPartOfProject Value="True"/>
        <ComponentName Value="frmDup"/>
        <HasResources Value="True"/>
        <ResourceBaseClass Value="Form"/>
        <UnitName Value="duplicate"/>
        <EditorIndex Value="1"/>
        <CursorPos X="17" Y="7"/>
        <UsageCount Value="56"/>
        <Loaded Value="True"/>
        <LoadedDesigner Value="True"/>
      </Unit4>
      <Unit5>
        <Filename Value="confdiag.pas"/>
        <IsPartOfProject Value="True"/>
        <ComponentName Value="frmConfirm"/>
        <HasResources Value="True"/>
        <ResourceBaseClass Value="Form"/>
        <UnitName Value="confdiag"/>
        <EditorIndex Value="2"/>
        <TopLine Value="35"/>
        <CursorPos X="17" Y="7"/>
        <UsageCount Value="49"/>
        <Loaded Value="True"/>
        <LoadedDesigner Value="True"/>
      </Unit5>
      <Unit6>
        <Filename Value="xicontrols\XiProgressBar.pas"/>
        <CursorPos X="32"/>
        <UsageCount Value="10"/>
      </Unit6>
      <Unit7>
        <Filename Value="..\fpc-2.6.2\rtl\objpas\sysutils\filutilh.inc"/>
        <TopLine Value="34"/>
        <CursorPos X="3" Y="56"/>
        <UsageCount Value="10"/>
      </Unit7>
      <Unit8>
        <Filename Value="synapse\blcksock.pas"/>
        <EditorIndex Value="-1"/>
        <TopLine Value="1268"/>
        <CursorPos X="42" Y="1285"/>
        <UsageCount Value="10"/>
      </Unit8>
    </Units>
    <JumpHistory Count="30" HistoryIndex="29">
      <Position1>
        <Filename Value="main.pas"/>
        <Caret Line="341" Column="5" TopLine="327"/>
      </Position1>
      <Position2>
        <Filename Value="main.pas"/>
        <Caret Line="342" Column="5" TopLine="328"/>
      </Position2>
      <Position3>
        <Filename Value="main.pas"/>
        <Caret Line="343" Column="5" TopLine="329"/>
      </Position3>
      <Position4>
        <Filename Value="main.pas"/>
        <Caret Line="342" Column="5" TopLine="328"/>
      </Position4>
      <Position5>
        <Filename Value="main.pas"/>
        <Caret Line="348" Column="37" TopLine="323"/>
      </Position5>
      <Position6>
        <Filename Value="main.pas"/>
        <Caret Line="337" Column="36" TopLine="323"/>
      </Position6>
      <Position7>
        <Filename Value="main.pas"/>
        <Caret Line="22" Column="47"/>
      </Position7>
      <Position8>
        <Filename Value="main.pas"/>
        <Caret Line="332" Column="10" TopLine="308"/>
      </Position8>
      <Position9>
        <Filename Value="main.pas"/>
        <Caret Line="536" Column="23" TopLine="163"/>
      </Position9>
      <Position10>
        <Filename Value="main.pas"/>
        <Caret Line="331" Column="36" TopLine="329"/>
      </Position10>
      <Position11>
        <Filename Value="main.pas"/>
        <Caret Line="286" Column="27" TopLine="272"/>
      </Position11>
      <Position12>
        <Filename Value="main.pas"/>
        <Caret Line="291" Column="46" TopLine="275"/>
      </Position12>
      <Position13>
        <Filename Value="main.pas"/>
        <Caret Line="376" Column="71" TopLine="332"/>
      </Position13>
      <Position14>
        <Filename Value="main.pas"/>
        <Caret Line="357" TopLine="344"/>
      </Position14>
      <Position15>
        <Filename Value="main.pas"/>
        <Caret Line="305" Column="42" TopLine="270"/>
      </Position15>
      <Position16>
        <Filename Value="main.pas"/>
        <Caret Line="224" TopLine="202"/>
      </Position16>
      <Position17>
        <Filename Value="main.pas"/>
        <Caret Line="156" Column="32" TopLine="141"/>
      </Position17>
      <Position18>
        <Filename Value="main.pas"/>
        <Caret Line="88" Column="68" TopLine="82"/>
      </Position18>
      <Position19>
        <Filename Value="main.pas"/>
        <Caret Line="39" Column="37" TopLine="25"/>
      </Position19>
      <Position20>
        <Filename Value="main.pas"/>
      </Position20>
      <Position21>
        <Filename Value="main.pas"/>
        <Caret Line="596" TopLine="560"/>
      </Position21>
      <Position22>
        <Filename Value="main.pas"/>
        <Caret Line="593" Column="24" TopLine="561"/>
      </Position22>
      <Position23>
        <Filename Value="main.pas"/>
        <Caret Line="315" Column="32" TopLine="296"/>
      </Position23>
      <Position24>
        <Filename Value="main.pas"/>
        <Caret Line="338" TopLine="316"/>
      </Position24>
      <Position25>
        <Filename Value="main.pas"/>
        <Caret Line="198" Column="19" TopLine="175"/>
      </Position25>
      <Position26>
        <Filename Value="main.pas"/>
        <Caret Line="188" Column="25" TopLine="169"/>
      </Position26>
      <Position27>
        <Filename Value="main.pas"/>
        <Caret Line="96" Column="21" TopLine="76"/>
      </Position27>
      <Position28>
        <Filename Value="main.pas"/>
        <Caret Line="198" Column="12" TopLine="172"/>
      </Position28>
      <Position29>
        <Filename Value="main.pas"/>
        <Caret Line="338" Column="18" TopLine="317"/>
      </Position29>
      <Position30>
        <Filename Value="main.pas"/>
        <Caret Line="351" Column="94" TopLine="333"/>
      </Position30>
    </JumpHistory>
  </ProjectOptions>
  <CompilerOptions>
    <Version Value="11"/>
    <PathDelim Value="\"/>
    <Target>
      <Filename Value="batchrename"/>
    </Target>
    <SearchPaths>
      <IncludeFiles Value="$(ProjOutDir)"/>
      <OtherUnitFiles Value="synapse;xicontrols"/>
      <UnitOutputDirectory Value="lib\$(TargetCPU)-$(TargetOS)"/>
    </SearchPaths>
    <CodeGeneration>
      <Optimizations>
        <OptimizationLevel Value="3"/>
      </Optimizations>
    </CodeGeneration>
    <Linking>
      <Debugging>
        <UseLineInfoUnit Value="False"/>
        <StripSymbols Value="True"/>
      </Debugging>
      <Options>
        <Win32>
          <GraphicApplication Value="True"/>
        </Win32>
      </Options>
    </Linking>
  </CompilerOptions>
  <Debugging>
    <Exceptions Count="3">
      <Item1>
        <Name Value="EAbort"/>
      </Item1>
      <Item2>
        <Name Value="ECodetoolError"/>
      </Item2>
      <Item3>
        <Name Value="EFOpenError"/>
      </Item3>
    </Exceptions>
  </Debugging>
</CONFIG>
